// !$*UTF8*$!
{
	archiveVersion = 1;
	classes = {
	};
	objectVersion = 50;
	objects = {

/* Begin PBXBuildFile section */
		70A3F1B82607C18A00E88DC1 /* Tests_iOS.swift in Sources */ = {isa = PBXBuildFile; fileRef = 70A3F1B72607C18A00E88DC1 /* Tests_iOS.swift */; };
		70A3F1C32607C18A00E88DC1 /* Tests_macOS.swift in Sources */ = {isa = PBXBuildFile; fileRef = 70A3F1C22607C18A00E88DC1 /* Tests_macOS.swift */; };
		70A3F1C52607C18A00E88DC1 /* FoodTracker.xcdatamodeld in Sources */ = {isa = PBXBuildFile; fileRef = 70A3F1992607C18900E88DC1 /* FoodTracker.xcdatamodeld */; };
		70A3F1C62607C18A00E88DC1 /* FoodTracker.xcdatamodeld in Sources */ = {isa = PBXBuildFile; fileRef = 70A3F1992607C18900E88DC1 /* FoodTracker.xcdatamodeld */; };
		70A3F1C72607C18A00E88DC1 /* FoodTrackerApp.swift in Sources */ = {isa = PBXBuildFile; fileRef = 70A3F19B2607C18900E88DC1 /* FoodTrackerApp.swift */; };
		70A3F1C82607C18A00E88DC1 /* FoodTrackerApp.swift in Sources */ = {isa = PBXBuildFile; fileRef = 70A3F19B2607C18900E88DC1 /* FoodTrackerApp.swift */; };
		70A3F1C92607C18A00E88DC1 /* ContentView.swift in Sources */ = {isa = PBXBuildFile; fileRef = 70A3F19C2607C18900E88DC1 /* ContentView.swift */; };
		70A3F1CA2607C18A00E88DC1 /* ContentView.swift in Sources */ = {isa = PBXBuildFile; fileRef = 70A3F19C2607C18900E88DC1 /* ContentView.swift */; };
		70A3F1CB2607C18A00E88DC1 /* Persistence.swift in Sources */ = {isa = PBXBuildFile; fileRef = 70A3F19D2607C18900E88DC1 /* Persistence.swift */; };
		70A3F1CC2607C18A00E88DC1 /* Persistence.swift in Sources */ = {isa = PBXBuildFile; fileRef = 70A3F19D2607C18900E88DC1 /* Persistence.swift */; };
		70A3F1CD2607C18A00E88DC1 /* Assets.xcassets in Resources */ = {isa = PBXBuildFile; fileRef = 70A3F19E2607C18A00E88DC1 /* Assets.xcassets */; };
		70A3F1CE2607C18A00E88DC1 /* Assets.xcassets in Resources */ = {isa = PBXBuildFile; fileRef = 70A3F19E2607C18A00E88DC1 /* Assets.xcassets */; };
/* End PBXBuildFile section */

/* Begin PBXContainerItemProxy section */
		70A3F1B42607C18A00E88DC1 /* PBXContainerItemProxy */ = {
			isa = PBXContainerItemProxy;
			containerPortal = 70A3F1942607C18800E88DC1 /* Project object */;
			proxyType = 1;
			remoteGlobalIDString = 70A3F1A22607C18A00E88DC1;
			remoteInfo = "FoodTracker (iOS)";
		};
		70A3F1BF2607C18A00E88DC1 /* PBXContainerItemProxy */ = {
			isa = PBXContainerItemProxy;
			containerPortal = 70A3F1942607C18800E88DC1 /* Project object */;
			proxyType = 1;
			remoteGlobalIDString = 70A3F1AA2607C18A00E88DC1;
			remoteInfo = "FoodTracker (macOS)";
		};
/* End PBXContainerItemProxy section */

/* Begin PBXFileReference section */
		70A3F19A2607C18900E88DC1 /* Shared.xcdatamodel */ = {isa = PBXFileReference; lastKnownFileType = wrapper.xcdatamodel; path = Shared.xcdatamodel; sourceTree = "<group>"; };
		70A3F19B2607C18900E88DC1 /* FoodTrackerApp.swift */ = {isa = PBXFileReference; lastKnownFileType = sourcecode.swift; path = FoodTrackerApp.swift; sourceTree = "<group>"; };
		70A3F19C2607C18900E88DC1 /* ContentView.swift */ = {isa = PBXFileReference; lastKnownFileType = sourcecode.swift; path = ContentView.swift; sourceTree = "<group>"; };
		70A3F19D2607C18900E88DC1 /* Persistence.swift */ = {isa = PBXFileReference; lastKnownFileType = sourcecode.swift; path = Persistence.swift; sourceTree = "<group>"; };
		70A3F19E2607C18A00E88DC1 /* Assets.xcassets */ = {isa = PBXFileReference; lastKnownFileType = folder.assetcatalog; path = Assets.xcassets; sourceTree = "<group>"; };
		70A3F1A32607C18A00E88DC1 /* FoodTracker.app */ = {isa = PBXFileReference; explicitFileType = wrapper.application; includeInIndex = 0; path = FoodTracker.app; sourceTree = BUILT_PRODUCTS_DIR; };
		70A3F1A62607C18A00E88DC1 /* Info.plist */ = {isa = PBXFileReference; lastKnownFileType = text.plist.xml; path = Info.plist; sourceTree = "<group>"; };
		70A3F1AB2607C18A00E88DC1 /* FoodTracker.app */ = {isa = PBXFileReference; explicitFileType = wrapper.application; includeInIndex = 0; path = FoodTracker.app; sourceTree = BUILT_PRODUCTS_DIR; };
		70A3F1AD2607C18A00E88DC1 /* Info.plist */ = {isa = PBXFileReference; lastKnownFileType = text.plist.xml; path = Info.plist; sourceTree = "<group>"; };
		70A3F1AE2607C18A00E88DC1 /* macOS.entitlements */ = {isa = PBXFileReference; lastKnownFileType = text.plist.entitlements; path = macOS.entitlements; sourceTree = "<group>"; };
		70A3F1B32607C18A00E88DC1 /* Tests iOS.xctest */ = {isa = PBXFileReference; explicitFileType = wrapper.cfbundle; includeInIndex = 0; path = "Tests iOS.xctest"; sourceTree = BUILT_PRODUCTS_DIR; };
		70A3F1B72607C18A00E88DC1 /* Tests_iOS.swift */ = {isa = PBXFileReference; lastKnownFileType = sourcecode.swift; path = Tests_iOS.swift; sourceTree = "<group>"; };
		70A3F1B92607C18A00E88DC1 /* Info.plist */ = {isa = PBXFileReference; lastKnownFileType = text.plist.xml; path = Info.plist; sourceTree = "<group>"; };
		70A3F1BE2607C18A00E88DC1 /* Tests macOS.xctest */ = {isa = PBXFileReference; explicitFileType = wrapper.cfbundle; includeInIndex = 0; path = "Tests macOS.xctest"; sourceTree = BUILT_PRODUCTS_DIR; };
		70A3F1C22607C18A00E88DC1 /* Tests_macOS.swift */ = {isa = PBXFileReference; lastKnownFileType = sourcecode.swift; path = Tests_macOS.swift; sourceTree = "<group>"; };
		70A3F1C42607C18A00E88DC1 /* Info.plist */ = {isa = PBXFileReference; lastKnownFileType = text.plist.xml; path = Info.plist; sourceTree = "<group>"; };
/* End PBXFileReference section */

/* Begin PBXFrameworksBuildPhase section */
		70A3F1A02607C18A00E88DC1 /* Frameworks */ = {
			isa = PBXFrameworksBuildPhase;
			buildActionMask = 2147483647;
			files = (
			);
			runOnlyForDeploymentPostprocessing = 0;
		};
		70A3F1A82607C18A00E88DC1 /* Frameworks */ = {
			isa = PBXFrameworksBuildPhase;
			buildActionMask = 2147483647;
			files = (
			);
			runOnlyForDeploymentPostprocessing = 0;
		};
		70A3F1B02607C18A00E88DC1 /* Frameworks */ = {
			isa = PBXFrameworksBuildPhase;
			buildActionMask = 2147483647;
			files = (
			);
			runOnlyForDeploymentPostprocessing = 0;
		};
		70A3F1BB2607C18A00E88DC1 /* Frameworks */ = {
			isa = PBXFrameworksBuildPhase;
			buildActionMask = 2147483647;
			files = (
			);
			runOnlyForDeploymentPostprocessing = 0;
		};
/* End PBXFrameworksBuildPhase section */

/* Begin PBXGroup section */
		70A3F1932607C18800E88DC1 = {
			isa = PBXGroup;
			children = (
				70A3F1982607C18900E88DC1 /* Shared */,
				70A3F1A52607C18A00E88DC1 /* iOS */,
				70A3F1AC2607C18A00E88DC1 /* macOS */,
				70A3F1B62607C18A00E88DC1 /* Tests iOS */,
				70A3F1C12607C18A00E88DC1 /* Tests macOS */,
				70A3F1A42607C18A00E88DC1 /* Products */,
			);
			sourceTree = "<group>";
		};
		70A3F1982607C18900E88DC1 /* Shared */ = {
			isa = PBXGroup;
			children = (
				70A3F19B2607C18900E88DC1 /* FoodTrackerApp.swift */,
				70A3F19C2607C18900E88DC1 /* ContentView.swift */,
				70A3F19D2607C18900E88DC1 /* Persistence.swift */,
				70A3F19E2607C18A00E88DC1 /* Assets.xcassets */,
				70A3F1992607C18900E88DC1 /* FoodTracker.xcdatamodeld */,
			);
			path = Shared;
			sourceTree = "<group>";
		};
		70A3F1A42607C18A00E88DC1 /* Products */ = {
			isa = PBXGroup;
			children = (
				70A3F1A32607C18A00E88DC1 /* FoodTracker.app */,
				70A3F1AB2607C18A00E88DC1 /* FoodTracker.app */,
				70A3F1B32607C18A00E88DC1 /* Tests iOS.xctest */,
				70A3F1BE2607C18A00E88DC1 /* Tests macOS.xctest */,
			);
			name = Products;
			sourceTree = "<group>";
		};
		70A3F1A52607C18A00E88DC1 /* iOS */ = {
			isa = PBXGroup;
			children = (
				70A3F1A62607C18A00E88DC1 /* Info.plist */,
			);
			path = iOS;
			sourceTree = "<group>";
		};
		70A3F1AC2607C18A00E88DC1 /* macOS */ = {
			isa = PBXGroup;
			children = (
				70A3F1AD2607C18A00E88DC1 /* Info.plist */,
				70A3F1AE2607C18A00E88DC1 /* macOS.entitlements */,
			);
			path = macOS;
			sourceTree = "<group>";
		};
		70A3F1B62607C18A00E88DC1 /* Tests iOS */ = {
			isa = PBXGroup;
			children = (
				70A3F1B72607C18A00E88DC1 /* Tests_iOS.swift */,
				70A3F1B92607C18A00E88DC1 /* Info.plist */,
			);
			path = "Tests iOS";
			sourceTree = "<group>";
		};
		70A3F1C12607C18A00E88DC1 /* Tests macOS */ = {
			isa = PBXGroup;
			children = (
				70A3F1C22607C18A00E88DC1 /* Tests_macOS.swift */,
				70A3F1C42607C18A00E88DC1 /* Info.plist */,
			);
			path = "Tests macOS";
			sourceTree = "<group>";
		};
/* End PBXGroup section */

/* Begin PBXNativeTarget section */
		70A3F1A22607C18A00E88DC1 /* FoodTracker (iOS) */ = {
			isa = PBXNativeTarget;
			buildConfigurationList = 70A3F1D12607C18A00E88DC1 /* Build configuration list for PBXNativeTarget "FoodTracker (iOS)" */;
			buildPhases = (
				70A3F19F2607C18A00E88DC1 /* Sources */,
				70A3F1A02607C18A00E88DC1 /* Frameworks */,
				70A3F1A12607C18A00E88DC1 /* Resources */,
			);
			buildRules = (
			);
			dependencies = (
			);
			name = "FoodTracker (iOS)";
			productName = "FoodTracker (iOS)";
			productReference = 70A3F1A32607C18A00E88DC1 /* FoodTracker.app */;
			productType = "com.apple.product-type.application";
		};
		70A3F1AA2607C18A00E88DC1 /* FoodTracker (macOS) */ = {
			isa = PBXNativeTarget;
			buildConfigurationList = 70A3F1D42607C18A00E88DC1 /* Build configuration list for PBXNativeTarget "FoodTracker (macOS)" */;
			buildPhases = (
				70A3F1A72607C18A00E88DC1 /* Sources */,
				70A3F1A82607C18A00E88DC1 /* Frameworks */,
				70A3F1A92607C18A00E88DC1 /* Resources */,
			);
			buildRules = (
			);
			dependencies = (
			);
			name = "FoodTracker (macOS)";
			productName = "FoodTracker (macOS)";
			productReference = 70A3F1AB2607C18A00E88DC1 /* FoodTracker.app */;
			productType = "com.apple.product-type.application";
		};
		70A3F1B22607C18A00E88DC1 /* Tests iOS */ = {
			isa = PBXNativeTarget;
			buildConfigurationList = 70A3F1D72607C18A00E88DC1 /* Build configuration list for PBXNativeTarget "Tests iOS" */;
			buildPhases = (
				70A3F1AF2607C18A00E88DC1 /* Sources */,
				70A3F1B02607C18A00E88DC1 /* Frameworks */,
				70A3F1B12607C18A00E88DC1 /* Resources */,
			);
			buildRules = (
			);
			dependencies = (
				70A3F1B52607C18A00E88DC1 /* PBXTargetDependency */,
			);
			name = "Tests iOS";
			productName = "Tests iOS";
			productReference = 70A3F1B32607C18A00E88DC1 /* Tests iOS.xctest */;
			productType = "com.apple.product-type.bundle.ui-testing";
		};
		70A3F1BD2607C18A00E88DC1 /* Tests macOS */ = {
			isa = PBXNativeTarget;
			buildConfigurationList = 70A3F1DA2607C18A00E88DC1 /* Build configuration list for PBXNativeTarget "Tests macOS" */;
			buildPhases = (
				70A3F1BA2607C18A00E88DC1 /* Sources */,
				70A3F1BB2607C18A00E88DC1 /* Frameworks */,
				70A3F1BC2607C18A00E88DC1 /* Resources */,
			);
			buildRules = (
			);
			dependencies = (
				70A3F1C02607C18A00E88DC1 /* PBXTargetDependency */,
			);
			name = "Tests macOS";
			productName = "Tests macOS";
			productReference = 70A3F1BE2607C18A00E88DC1 /* Tests macOS.xctest */;
			productType = "com.apple.product-type.bundle.ui-testing";
		};
/* End PBXNativeTarget section */

/* Begin PBXProject section */
		70A3F1942607C18800E88DC1 /* Project object */ = {
			isa = PBXProject;
			attributes = {
				LastSwiftUpdateCheck = 1240;
				LastUpgradeCheck = 1240;
				TargetAttributes = {
					70A3F1A22607C18A00E88DC1 = {
						CreatedOnToolsVersion = 12.4;
					};
					70A3F1AA2607C18A00E88DC1 = {
						CreatedOnToolsVersion = 12.4;
					};
					70A3F1B22607C18A00E88DC1 = {
						CreatedOnToolsVersion = 12.4;
						TestTargetID = 70A3F1A22607C18A00E88DC1;
					};
					70A3F1BD2607C18A00E88DC1 = {
						CreatedOnToolsVersion = 12.4;
						TestTargetID = 70A3F1AA2607C18A00E88DC1;
					};
				};
			};
			buildConfigurationList = 70A3F1972607C18800E88DC1 /* Build configuration list for PBXProject "FoodTracker" */;
			compatibilityVersion = "Xcode 9.3";
			developmentRegion = en;
			hasScannedForEncodings = 0;
			knownRegions = (
				en,
				Base,
			);
			mainGroup = 70A3F1932607C18800E88DC1;
			productRefGroup = 70A3F1A42607C18A00E88DC1 /* Products */;
			projectDirPath = "";
			projectRoot = "";
			targets = (
				70A3F1A22607C18A00E88DC1 /* FoodTracker (iOS) */,
				70A3F1AA2607C18A00E88DC1 /* FoodTracker (macOS) */,
				70A3F1B22607C18A00E88DC1 /* Tests iOS */,
				70A3F1BD2607C18A00E88DC1 /* Tests macOS */,
			);
		};
/* End PBXProject section */

/* Begin PBXResourcesBuildPhase section */
		70A3F1A12607C18A00E88DC1 /* Resources */ = {
			isa = PBXResourcesBuildPhase;
			buildActionMask = 2147483647;
			files = (
				70A3F1CD2607C18A00E88DC1 /* Assets.xcassets in Resources */,
			);
			runOnlyForDeploymentPostprocessing = 0;
		};
		70A3F1A92607C18A00E88DC1 /* Resources */ = {
			isa = PBXResourcesBuildPhase;
			buildActionMask = 2147483647;
			files = (
				70A3F1CE2607C18A00E88DC1 /* Assets.xcassets in Resources */,
			);
			runOnlyForDeploymentPostprocessing = 0;
		};
		70A3F1B12607C18A00E88DC1 /* Resources */ = {
			isa = PBXResourcesBuildPhase;
			buildActionMask = 2147483647;
			files = (
			);
			runOnlyForDeploymentPostprocessing = 0;
		};
		70A3F1BC2607C18A00E88DC1 /* Resources */ = {
			isa = PBXResourcesBuildPhase;
			buildActionMask = 2147483647;
			files = (
			);
			runOnlyForDeploymentPostprocessing = 0;
		};
/* End PBXResourcesBuildPhase section */

/* Begin PBXSourcesBuildPhase section */
		70A3F19F2607C18A00E88DC1 /* Sources */ = {
			isa = PBXSourcesBuildPhase;
			buildActionMask = 2147483647;
			files = (
				70A3F1C72607C18A00E88DC1 /* FoodTrackerApp.swift in Sources */,
				70A3F1CB2607C18A00E88DC1 /* Persistence.swift in Sources */,
				70A3F1C52607C18A00E88DC1 /* FoodTracker.xcdatamodeld in Sources */,
				70A3F1C92607C18A00E88DC1 /* ContentView.swift in Sources */,
			);
			runOnlyForDeploymentPostprocessing = 0;
		};
		70A3F1A72607C18A00E88DC1 /* Sources */ = {
			isa = PBXSourcesBuildPhase;
			buildActionMask = 2147483647;
			files = (
				70A3F1C82607C18A00E88DC1 /* FoodTrackerApp.swift in Sources */,
				70A3F1CC2607C18A00E88DC1 /* Persistence.swift in Sources */,
				70A3F1C62607C18A00E88DC1 /* FoodTracker.xcdatamodeld in Sources */,
				70A3F1CA2607C18A00E88DC1 /* ContentView.swift in Sources */,
			);
			runOnlyForDeploymentPostprocessing = 0;
		};
		70A3F1AF2607C18A00E88DC1 /* Sources */ = {
			isa = PBXSourcesBuildPhase;
			buildActionMask = 2147483647;
			files = (
				70A3F1B82607C18A00E88DC1 /* Tests_iOS.swift in Sources */,
			);
			runOnlyForDeploymentPostprocessing = 0;
		};
		70A3F1BA2607C18A00E88DC1 /* Sources */ = {
			isa = PBXSourcesBuildPhase;
			buildActionMask = 2147483647;
			files = (
				70A3F1C32607C18A00E88DC1 /* Tests_macOS.swift in Sources */,
			);
			runOnlyForDeploymentPostprocessing = 0;
		};
/* End PBXSourcesBuildPhase section */

/* Begin PBXTargetDependency section */
		70A3F1B52607C18A00E88DC1 /* PBXTargetDependency */ = {
			isa = PBXTargetDependency;
			target = 70A3F1A22607C18A00E88DC1 /* FoodTracker (iOS) */;
			targetProxy = 70A3F1B42607C18A00E88DC1 /* PBXContainerItemProxy */;
		};
		70A3F1C02607C18A00E88DC1 /* PBXTargetDependency */ = {
			isa = PBXTargetDependency;
			target = 70A3F1AA2607C18A00E88DC1 /* FoodTracker (macOS) */;
			targetProxy = 70A3F1BF2607C18A00E88DC1 /* PBXContainerItemProxy */;
		};
/* End PBXTargetDependency section */

/* Begin XCBuildConfiguration section */
		70A3F1CF2607C18A00E88DC1 /* Debug */ = {
			isa = XCBuildConfiguration;
			buildSettings = {
				ALWAYS_SEARCH_USER_PATHS = NO;
				CLANG_ANALYZER_NONNULL = YES;
				CLANG_ANALYZER_NUMBER_OBJECT_CONVERSION = YES_AGGRESSIVE;
				CLANG_CXX_LANGUAGE_STANDARD = "gnu++14";
				CLANG_CXX_LIBRARY = "libc++";
				CLANG_ENABLE_MODULES = YES;
				CLANG_ENABLE_OBJC_ARC = YES;
				CLANG_ENABLE_OBJC_WEAK = YES;
				CLANG_WARN_BLOCK_CAPTURE_AUTORELEASING = YES;
				CLANG_WARN_BOOL_CONVERSION = YES;
				CLANG_WARN_COMMA = YES;
				CLANG_WARN_CONSTANT_CONVERSION = YES;
				CLANG_WARN_DEPRECATED_OBJC_IMPLEMENTATIONS = YES;
				CLANG_WARN_DIRECT_OBJC_ISA_USAGE = YES_ERROR;
				CLANG_WARN_DOCUMENTATION_COMMENTS = YES;
				CLANG_WARN_EMPTY_BODY = YES;
				CLANG_WARN_ENUM_CONVERSION = YES;
				CLANG_WARN_INFINITE_RECURSION = YES;
				CLANG_WARN_INT_CONVERSION = YES;
				CLANG_WARN_NON_LITERAL_NULL_CONVERSION = YES;
				CLANG_WARN_OBJC_IMPLICIT_RETAIN_SELF = YES;
				CLANG_WARN_OBJC_LITERAL_CONVERSION = YES;
				CLANG_WARN_OBJC_ROOT_CLASS = YES_ERROR;
				CLANG_WARN_QUOTED_INCLUDE_IN_FRAMEWORK_HEADER = YES;
				CLANG_WARN_RANGE_LOOP_ANALYSIS = YES;
				CLANG_WARN_STRICT_PROTOTYPES = YES;
				CLANG_WARN_SUSPICIOUS_MOVE = YES;
				CLANG_WARN_UNGUARDED_AVAILABILITY = YES_AGGRESSIVE;
				CLANG_WARN_UNREACHABLE_CODE = YES;
				CLANG_WARN__DUPLICATE_METHOD_MATCH = YES;
				COPY_PHASE_STRIP = NO;
				DEBUG_INFORMATION_FORMAT = dwarf;
				ENABLE_STRICT_OBJC_MSGSEND = YES;
				ENABLE_TESTABILITY = YES;
				GCC_C_LANGUAGE_STANDARD = gnu11;
				GCC_DYNAMIC_NO_PIC = NO;
				GCC_NO_COMMON_BLOCKS = YES;
				GCC_OPTIMIZATION_LEVEL = 0;
				GCC_PREPROCESSOR_DEFINITIONS = (
					"DEBUG=1",
					"$(inherited)",
				);
				GCC_WARN_64_TO_32_BIT_CONVERSION = YES;
				GCC_WARN_ABOUT_RETURN_TYPE = YES_ERROR;
				GCC_WARN_UNDECLARED_SELECTOR = YES;
				GCC_WARN_UNINITIALIZED_AUTOS = YES_AGGRESSIVE;
				GCC_WARN_UNUSED_FUNCTION = YES;
				GCC_WARN_UNUSED_VARIABLE = YES;
				MTL_ENABLE_DEBUG_INFO = INCLUDE_SOURCE;
				MTL_FAST_MATH = YES;
				ONLY_ACTIVE_ARCH = YES;
				SWIFT_ACTIVE_COMPILATION_CONDITIONS = DEBUG;
				SWIFT_OPTIMIZATION_LEVEL = "-Onone";
			};
			name = Debug;
		};
		70A3F1D02607C18A00E88DC1 /* Release */ = {
			isa = XCBuildConfiguration;
			buildSettings = {
				ALWAYS_SEARCH_USER_PATHS = NO;
				CLANG_ANALYZER_NONNULL = YES;
				CLANG_ANALYZER_NUMBER_OBJECT_CONVERSION = YES_AGGRESSIVE;
				CLANG_CXX_LANGUAGE_STANDARD = "gnu++14";
				CLANG_CXX_LIBRARY = "libc++";
				CLANG_ENABLE_MODULES = YES;
				CLANG_ENABLE_OBJC_ARC = YES;
				CLANG_ENABLE_OBJC_WEAK = YES;
				CLANG_WARN_BLOCK_CAPTURE_AUTORELEASING = YES;
				CLANG_WARN_BOOL_CONVERSION = YES;
				CLANG_WARN_COMMA = YES;
				CLANG_WARN_CONSTANT_CONVERSION = YES;
				CLANG_WARN_DEPRECATED_OBJC_IMPLEMENTATIONS = YES;
				CLANG_WARN_DIRECT_OBJC_ISA_USAGE = YES_ERROR;
				CLANG_WARN_DOCUMENTATION_COMMENTS = YES;
				CLANG_WARN_EMPTY_BODY = YES;
				CLANG_WARN_ENUM_CONVERSION = YES;
				CLANG_WARN_INFINITE_RECURSION = YES;
				CLANG_WARN_INT_CONVERSION = YES;
				CLANG_WARN_NON_LITERAL_NULL_CONVERSION = YES;
				CLANG_WARN_OBJC_IMPLICIT_RETAIN_SELF = YES;
				CLANG_WARN_OBJC_LITERAL_CONVERSION = YES;
				CLANG_WARN_OBJC_ROOT_CLASS = YES_ERROR;
				CLANG_WARN_QUOTED_INCLUDE_IN_FRAMEWORK_HEADER = YES;
				CLANG_WARN_RANGE_LOOP_ANALYSIS = YES;
				CLANG_WARN_STRICT_PROTOTYPES = YES;
				CLANG_WARN_SUSPICIOUS_MOVE = YES;
				CLANG_WARN_UNGUARDED_AVAILABILITY = YES_AGGRESSIVE;
				CLANG_WARN_UNREACHABLE_CODE = YES;
				CLANG_WARN__DUPLICATE_METHOD_MATCH = YES;
				COPY_PHASE_STRIP = NO;
				DEBUG_INFORMATION_FORMAT = "dwarf-with-dsym";
				ENABLE_NS_ASSERTIONS = NO;
				ENABLE_STRICT_OBJC_MSGSEND = YES;
				GCC_C_LANGUAGE_STANDARD = gnu11;
				GCC_NO_COMMON_BLOCKS = YES;
				GCC_WARN_64_TO_32_BIT_CONVERSION = YES;
				GCC_WARN_ABOUT_RETURN_TYPE = YES_ERROR;
				GCC_WARN_UNDECLARED_SELECTOR = YES;
				GCC_WARN_UNINITIALIZED_AUTOS = YES_AGGRESSIVE;
				GCC_WARN_UNUSED_FUNCTION = YES;
				GCC_WARN_UNUSED_VARIABLE = YES;
				MTL_ENABLE_DEBUG_INFO = NO;
				MTL_FAST_MATH = YES;
				SWIFT_COMPILATION_MODE = wholemodule;
				SWIFT_OPTIMIZATION_LEVEL = "-O";
			};
			name = Release;
		};
		70A3F1D22607C18A00E88DC1 /* Debug */ = {
			isa = XCBuildConfiguration;
			buildSettings = {
				ASSETCATALOG_COMPILER_APPICON_NAME = AppIcon;
				ASSETCATALOG_COMPILER_GLOBAL_ACCENT_COLOR_NAME = AccentColor;
				CODE_SIGN_STYLE = Automatic;
				DEVELOPMENT_TEAM = 8BMK2NCK67;
				ENABLE_PREVIEWS = YES;
				INFOPLIST_FILE = iOS/Info.plist;
				IPHONEOS_DEPLOYMENT_TARGET = 14.0;
				LD_RUNPATH_SEARCH_PATHS = (
					"$(inherited)",
					"@executable_path/Frameworks",
				);
				PRODUCT_BUNDLE_IDENTIFIER = com.emilionicoli.FoodTracker;
				PRODUCT_NAME = FoodTracker;
				SDKROOT = iphoneos;
				SWIFT_VERSION = 5.0;
				TARGETED_DEVICE_FAMILY = "1,2";
			};
			name = Debug;
		};
		70A3F1D32607C18A00E88DC1 /* Release */ = {
			isa = XCBuildConfiguration;
			buildSettings = {
				ASSETCATALOG_COMPILER_APPICON_NAME = AppIcon;
				ASSETCATALOG_COMPILER_GLOBAL_ACCENT_COLOR_NAME = AccentColor;
				CODE_SIGN_STYLE = Automatic;
				DEVELOPMENT_TEAM = 8BMK2NCK67;
				ENABLE_PREVIEWS = YES;
				INFOPLIST_FILE = iOS/Info.plist;
				IPHONEOS_DEPLOYMENT_TARGET = 14.0;
				LD_RUNPATH_SEARCH_PATHS = (
					"$(inherited)",
					"@executable_path/Frameworks",
				);
				PRODUCT_BUNDLE_IDENTIFIER = com.emilionicoli.FoodTracker;
				PRODUCT_NAME = FoodTracker;
				SDKROOT = iphoneos;
				SWIFT_VERSION = 5.0;
				TARGETED_DEVICE_FAMILY = "1,2";
				VALIDATE_PRODUCT = YES;
			};
			name = Release;
		};
		70A3F1D52607C18A00E88DC1 /* Debug */ = {
			isa = XCBuildConfiguration;
			buildSettings = {
				ASSETCATALOG_COMPILER_APPICON_NAME = AppIcon;
				ASSETCATALOG_COMPILER_GLOBAL_ACCENT_COLOR_NAME = AccentColor;
				CODE_SIGN_ENTITLEMENTS = macOS/macOS.entitlements;
				CODE_SIGN_STYLE = Automatic;
				COMBINE_HIDPI_IMAGES = YES;
				DEVELOPMENT_TEAM = 8BMK2NCK67;
				ENABLE_HARDENED_RUNTIME = YES;
				ENABLE_PREVIEWS = YES;
				INFOPLIST_FILE = macOS/Info.plist;
				LD_RUNPATH_SEARCH_PATHS = (
					"$(inherited)",
					"@executable_path/../Frameworks",
				);
				MACOSX_DEPLOYMENT_TARGET = 11.0;
				PRODUCT_BUNDLE_IDENTIFIER = com.emilionicoli.FoodTracker;
				PRODUCT_NAME = FoodTracker;
				SDKROOT = macosx;
				SWIFT_VERSION = 5.0;
			};
			name = Debug;
		};
		70A3F1D62607C18A00E88DC1 /* Release */ = {
			isa = XCBuildConfiguration;
			buildSettings = {
				ASSETCATALOG_COMPILER_APPICON_NAME = AppIcon;
				ASSETCATALOG_COMPILER_GLOBAL_ACCENT_COLOR_NAME = AccentColor;
				CODE_SIGN_ENTITLEMENTS = macOS/macOS.entitlements;
				CODE_SIGN_STYLE = Automatic;
				COMBINE_HIDPI_IMAGES = YES;
				DEVELOPMENT_TEAM = 8BMK2NCK67;
				ENABLE_HARDENED_RUNTIME = YES;
				ENABLE_PREVIEWS = YES;
				INFOPLIST_FILE = macOS/Info.plist;
				LD_RUNPATH_SEARCH_PATHS = (
					"$(inherited)",
					"@executable_path/../Frameworks",
				);
				MACOSX_DEPLOYMENT_TARGET = 11.0;
				PRODUCT_BUNDLE_IDENTIFIER = com.emilionicoli.FoodTracker;
				PRODUCT_NAME = FoodTracker;
				SDKROOT = macosx;
				SWIFT_VERSION = 5.0;
			};
			name = Release;
		};
		70A3F1D82607C18A00E88DC1 /* Debug */ = {
			isa = XCBuildConfiguration;
			buildSettings = {
				ALWAYS_EMBED_SWIFT_STANDARD_LIBRARIES = YES;
				CODE_SIGN_STYLE = Automatic;
				DEVELOPMENT_TEAM = 8BMK2NCK67;
				INFOPLIST_FILE = "Tests iOS/Info.plist";
				IPHONEOS_DEPLOYMENT_TARGET = 14.4;
				LD_RUNPATH_SEARCH_PATHS = (
					"$(inherited)",
					"@executable_path/Frameworks",
					"@loader_path/Frameworks",
				);
				PRODUCT_BUNDLE_IDENTIFIER = "com.emilionicoli.Tests-iOS";
				PRODUCT_NAME = "$(TARGET_NAME)";
				SDKROOT = iphoneos;
				SWIFT_VERSION = 5.0;
				TARGETED_DEVICE_FAMILY = "1,2";
				TEST_TARGET_NAME = "FoodTracker (iOS)";
			};
			name = Debug;
		};
		70A3F1D92607C18A00E88DC1 /* Release */ = {
			isa = XCBuildConfiguration;
			buildSettings = {
				ALWAYS_EMBED_SWIFT_STANDARD_LIBRARIES = YES;
				CODE_SIGN_STYLE = Automatic;
				DEVELOPMENT_TEAM = 8BMK2NCK67;
				INFOPLIST_FILE = "Tests iOS/Info.plist";
				IPHONEOS_DEPLOYMENT_TARGET = 14.4;
				LD_RUNPATH_SEARCH_PATHS = (
					"$(inherited)",
					"@executable_path/Frameworks",
					"@loader_path/Frameworks",
				);
				PRODUCT_BUNDLE_IDENTIFIER = "com.emilionicoli.Tests-iOS";
				PRODUCT_NAME = "$(TARGET_NAME)";
				SDKROOT = iphoneos;
				SWIFT_VERSION = 5.0;
				TARGETED_DEVICE_FAMILY = "1,2";
				TEST_TARGET_NAME = "FoodTracker (iOS)";
				VALIDATE_PRODUCT = YES;
			};
			name = Release;
		};
		70A3F1DB2607C18A00E88DC1 /* Debug */ = {
			isa = XCBuildConfiguration;
			buildSettings = {
				ALWAYS_EMBED_SWIFT_STANDARD_LIBRARIES = YES;
				CODE_SIGN_STYLE = Automatic;
				COMBINE_HIDPI_IMAGES = YES;
				DEVELOPMENT_TEAM = 8BMK2NCK67;
				INFOPLIST_FILE = "Tests macOS/Info.plist";
				LD_RUNPATH_SEARCH_PATHS = (
					"$(inherited)",
					"@executable_path/../Frameworks",
					"@loader_path/../Frameworks",
				);
				MACOSX_DEPLOYMENT_TARGET = 11.1;
				PRODUCT_BUNDLE_IDENTIFIER = "com.emilionicoli.Tests-macOS";
				PRODUCT_NAME = "$(TARGET_NAME)";
				SDKROOT = macosx;
				SWIFT_VERSION = 5.0;
				TEST_TARGET_NAME = "FoodTracker (macOS)";
			};
			name = Debug;
		};
		70A3F1DC2607C18A00E88DC1 /* Release */ = {
			isa = XCBuildConfiguration;
			buildSettings = {
				ALWAYS_EMBED_SWIFT_STANDARD_LIBRARIES = YES;
				CODE_SIGN_STYLE = Automatic;
				COMBINE_HIDPI_IMAGES = YES;
				DEVELOPMENT_TEAM = 8BMK2NCK67;
				INFOPLIST_FILE = "Tests macOS/Info.plist";
				LD_RUNPATH_SEARCH_PATHS = (
					"$(inherited)",
					"@executable_path/../Frameworks",
					"@loader_path/../Frameworks",
				);
				MACOSX_DEPLOYMENT_TARGET = 11.1;
				PRODUCT_BUNDLE_IDENTIFIER = "com.emilionicoli.Tests-macOS";
				PRODUCT_NAME = "$(TARGET_NAME)";
				SDKROOT = macosx;
				SWIFT_VERSION = 5.0;
				TEST_TARGET_NAME = "FoodTracker (macOS)";
			};
			name = Release;
		};
/* End XCBuildConfiguration section */

/* Begin XCConfigurationList section */
		70A3F1972607C18800E88DC1 /* Build configuration list for PBXProject "FoodTracker" */ = {
			isa = XCConfigurationList;
			buildConfigurations = (
				70A3F1CF2607C18A00E88DC1 /* Debug */,
				70A3F1D02607C18A00E88DC1 /* Release */,
			);
			defaultConfigurationIsVisible = 0;
			defaultConfigurationName = Release;
		};
		70A3F1D12607C18A00E88DC1 /* Build configuration list for PBXNativeTarget "FoodTracker (iOS)" */ = {
			isa = XCConfigurationList;
			buildConfigurations = (
				70A3F1D22607C18A00E88DC1 /* Debug */,
				70A3F1D32607C18A00E88DC1 /* Release */,
			);
			defaultConfigurationIsVisible = 0;
			defaultConfigurationName = Release;
		};
		70A3F1D42607C18A00E88DC1 /* Build configuration list for PBXNativeTarget "FoodTracker (macOS)" */ = {
			isa = XCConfigurationList;
			buildConfigurations = (
				70A3F1D52607C18A00E88DC1 /* Debug */,
				70A3F1D62607C18A00E88DC1 /* Release */,
			);
			defaultConfigurationIsVisible = 0;
			defaultConfigurationName = Release;
		};
		70A3F1D72607C18A00E88DC1 /* Build configuration list for PBXNativeTarget "Tests iOS" */ = {
			isa = XCConfigurationList;
			buildConfigurations = (
				70A3F1D82607C18A00E88DC1 /* Debug */,
				70A3F1D92607C18A00E88DC1 /* Release */,
			);
			defaultConfigurationIsVisible = 0;
			defaultConfigurationName = Release;
		};
		70A3F1DA2607C18A00E88DC1 /* Build configuration list for PBXNativeTarget "Tests macOS" */ = {
			isa = XCConfigurationList;
			buildConfigurations = (
				70A3F1DB2607C18A00E88DC1 /* Debug */,
				70A3F1DC2607C18A00E88DC1 /* Release */,
			);
			defaultConfigurationIsVisible = 0;
			defaultConfigurationName = Release;
		};
/* End XCConfigurationList section */

/* Begin XCVersionGroup section */
		70A3F1992607C18900E88DC1 /* FoodTracker.xcdatamodeld */ = {
			isa = XCVersionGroup;
			children = (
				70A3F19A2607C18900E88DC1 /* Shared.xcdatamodel */,
			);
			currentVersion = 70A3F19A2607C18900E88DC1 /* Shared.xcdatamodel */;
			path = FoodTracker.xcdatamodeld;
			sourceTree = "<group>";
			versionGroupType = wrapper.xcdatamodel;
		};
/* End XCVersionGroup section */
	};
	rootObject = 70A3F1942607C18800E88DC1 /* Project object */;
}
